
Microsoft Visual Studio Solution File, Format Version 12.00
# Visual Studio 15
VisualStudioVersion = 15.0.27428.2015
MinimumVisualStudioVersion = 10.0.40219.1
Project("{8BC9CEB8-8B4A-11D0-8D11-00A0C91BC942}") = "SMProxy2", "SMProxy20\SMProxy20.vcxproj", "{827B6B4B-E217-4BCE-97DD-23B80F9F47BA}"
EndProject
Project("{8BC9CEB8-8B4A-11D0-8D11-00A0C91BC942}") = "UnitTest1", "UnitTest1\UnitTest1.vcxproj", "{7F2B674C-A8D5-4A30-B358-AEB3352553DB}"
EndProject
Project("{8BC9CEB8-8B4A-11D0-8D11-00A0C91BC942}") = "ConsoleApplication1", "ConsoleApplication1\ConsoleApplication1.vcxproj", "{8BF098DC-B2C2-4611-8057-D459C69CB88E}"
EndProject
Global
	GlobalSection(SolutionConfigurationPlatforms) = preSolution
		Debug|x64 = Debug|x64
		Debug|x86 = Debug|x86
		Release|x64 = Release|x64
		Release|x86 = Release|x86
	EndGlobalSection
	GlobalSection(ProjectConfigurationPlatforms) = postSolution
		{827B6B4B-E217-4BCE-97DD-23B80F9F47BA}.Debug|x64.ActiveCfg = Debug|x64
		{827B6B4B-E217-4BCE-97DD-23B80F9F47BA}.Debug|x64.Build.0 = Debug|x64
		{827B6B4B-E217-4BCE-97DD-23B80F9F47BA}.Debug|x86.ActiveCfg = Debug|Win32
		{827B6B4B-E217-4BCE-97DD-23B80F9F47BA}.Debug|x86.Build.0 = Debug|Win32
		{827B6B4B-E217-4BCE-97DD-23B80F9F47BA}.Release|x64.ActiveCfg = Release|x64
		{827B6B4B-E217-4BCE-97DD-23B80F9F47BA}.Release|x64.Build.0 = Release|x64
		{827B6B4B-E217-4BCE-97DD-23B80F9F47BA}.Release|x86.ActiveCfg = Release|Win32
		{827B6B4B-E217-4BCE-97DD-23B80F9F47BA}.Release|x86.Build.0 = Release|Win32
		{7F2B674C-A8D5-4A30-B358-AEB3352553DB}.Debug|x64.ActiveCfg = Debug|x64
		{7F2B674C-A8D5-4A30-B358-AEB3352553DB}.Debug|x64.Build.0 = Debug|x64
		{7F2B674C-A8D5-4A30-B358-AEB3352553DB}.Debug|x86.ActiveCfg = Debug|Win32
		{7F2B674C-A8D5-4A30-B358-AEB3352553DB}.Debug|x86.Build.0 = Debug|Win32
		{7F2B674C-A8D5-4A30-B358-AEB3352553DB}.Release|x64.ActiveCfg = Release|x64
		{7F2B674C-A8D5-4A30-B358-AEB3352553DB}.Release|x64.Build.0 = Release|x64
		{7F2B674C-A8D5-4A30-B358-AEB3352553DB}.Release|x86.ActiveCfg = Release|Win32
		{7F2B674C-A8D5-4A30-B358-AEB3352553DB}.Release|x86.Build.0 = Release|Win32
		{8BF098DC-B2C2-4611-8057-D459C69CB88E}.Debug|x64.ActiveCfg = Debug|x64
		{8BF098DC-B2C2-4611-8057-D459C69CB88E}.Debug|x64.Build.0 = Debug|x64
		{8BF098DC-B2C2-4611-8057-D459C69CB88E}.Debug|x86.ActiveCfg = Debug|Win32
		{8BF098DC-B2C2-4611-8057-D459C69CB88E}.Debug|x86.Build.0 = Debug|Win32
		{8BF098DC-B2C2-4611-8057-D459C69CB88E}.Release|x64.ActiveCfg = Release|x64
		{8BF098DC-B2C2-4611-8057-D459C69CB88E}.Release|x64.Build.0 = Release|x64
		{8BF098DC-B2C2-4611-8057-D459C69CB88E}.Release|x86.ActiveCfg = Release|Win32
		{8BF098DC-B2C2-4611-8057-D459C69CB88E}.Release|x86.Build.0 = Release|Win32
	EndGlobalSection
	GlobalSection(SolutionProperties) = preSolution
		HideSolutionNode = FALSE
	EndGlobalSection
	GlobalSection(ExtensibilityGlobals) = postSolution
		SolutionGuid = {1F61CD41-DB41-4586-8A42-699584CBE55F}
	EndGlobalSection
EndGlobal
